
Microsoft Visual Studio Solution File, Format Version 12.00
# Visual Studio Version 17
VisualStudioVersion = 17.11.35312.102
MinimumVisualStudioVersion = 10.0.40219.1
Project("{9A19103F-16F7-4668-BE54-9A1E7A4F7556}") = "SqueakyClean", "SqueakyClean.csproj", "{97057459-9AFC-48F1-90D0-60BA207F4A45}"
EndProject
Global
	GlobalSection(SolutionConfigurationPlatforms) = preSolution
		Debug|Any CPU = Debug|Any CPU
		Release|Any CPU = Release|Any CPU
	EndGlobalSection
	GlobalSection(ProjectConfigurationPlatforms) = postSolution
		{97057459-9AFC-48F1-90D0-60BA207F4A45}.Debug|Any CPU.ActiveCfg = Debug|Any CPU
		{97057459-9AFC-48F1-90D0-60BA207F4A45}.Debug|Any CPU.Build.0 = Debug|Any CPU
		{97057459-9AFC-48F1-90D0-60BA207F4A45}.Release|Any CPU.ActiveCfg = Release|Any CPU
		{97057459-9AFC-48F1-90D0-60BA207F4A45}.Release|Any CPU.Build.0 = Release|Any CPU
	EndGlobalSection
	GlobalSection(SolutionProperties) = preSolution
		HideSolutionNode = FALSE
	EndGlobalSection
	GlobalSection(ExtensibilityGlobals) = postSolution
		SolutionGuid = {F81600D4-AF4F-48DD-A3F5-3081F882E695}
	EndGlobalSection
EndGlobal
